
Microsoft Visual Studio Solution File, Format Version 12.00
# Visual Studio Version 17
VisualStudioVersion = 17.5.002.0
MinimumVisualStudioVersion = 10.0.40219.1
Project("{9A19103F-16F7-4668-BE54-9A1E7A4F7556}") = "koob-be", "koob-be.csproj", "{D2247C38-D62A-4FE6-BA5A-86E6B825F157}"
EndProject
Global
	GlobalSection(SolutionConfigurationPlatforms) = preSolution
		Debug|Any CPU = Debug|Any CPU
		Release|Any CPU = Release|Any CPU
	EndGlobalSection
	GlobalSection(ProjectConfigurationPlatforms) = postSolution
		{D2247C38-D62A-4FE6-BA5A-86E6B825F157}.Debug|Any CPU.ActiveCfg = Debug|Any CPU
		{D2247C38-D62A-4FE6-BA5A-86E6B825F157}.Debug|Any CPU.Build.0 = Debug|Any CPU
		{D2247C38-D62A-4FE6-BA5A-86E6B825F157}.Release|Any CPU.ActiveCfg = Release|Any CPU
		{D2247C38-D62A-4FE6-BA5A-86E6B825F157}.Release|Any CPU.Build.0 = Release|Any CPU
	EndGlobalSection
	GlobalSection(SolutionProperties) = preSolution
		HideSolutionNode = FALSE
	EndGlobalSection
	GlobalSection(ExtensibilityGlobals) = postSolution
		SolutionGuid = {D0B352B9-3862-4110-86C6-7B65EB9466C3}
	EndGlobalSection
EndGlobal
